{
    "hash": "5b1b0b74c32e2702abee722802ecda13",
    "packages": [
        {
            "name": "imagine/Imagine",
            "version": "dev-master",
            "source": {
                "type": "git",
                "url": "https://github.com/avalanche123/Imagine",
                "reference": "v0.4.1"
            },
            "dist": {
                "type": "zip",
                "url": "https://github.com/avalanche123/Imagine/archive/v0.4.1.zip",
                "reference": "v0.4.1",
                "shasum": ""
            },
            "require": {
                "php": ">=5.3.2"
            },
            "require-dev": {
                "sami/sami": "dev-master"
            },
            "time": "2012-12-13 18:31:18",
            "type": "library",
            "autoload": {
                "psr-0": {
                    "Imagine": "lib/"
                }
            },
            "notification-url": "http://packagist.org/downloads/",
            "license": [
                "MIT"
            ],
            "authors": [
                {
                    "name": "Bulat Shakirzyanov",
                    "email": "mallluhuct@gmail.com",
                    "homepage": "http://avalanche123.com"
                }
            ],
            "description": "Image processing for PHP 5.3",
            "homepage": "http://imagine.readthedocs.org/",
            "keywords": [
                "image manipulation",
                "image processing",
                "drawing",
                "graphics"
            ]
        },
        {
            "name": "yiisoft/yii",
            "version": "dev-master",
            "source": {
                "type": "git",
                "url": "git://github.com/yiisoft/yii.git",
                "reference": "df7e370e23d0d4482b671e4495c3e2febeb036e8"
            },
            "dist": {
                "type": "zip",
                "url": "https://github.com/yiisoft/yii/archive/df7e370e23d0d4482b671e4495c3e2febeb036e8.zip",
                "reference": "df7e370e23d0d4482b671e4495c3e2febeb036e8",
                "shasum": ""
            },
            "require": {
                "php": ">=5.1.0"
            },
            "time": "2013-01-28 18:10:34",
            "type": "library",
            "notification-url": "http://packagist.org/downloads/",
            "license": [
                "BSD-3-Clause"
            ],
            "authors": [
                {
                    "name": "Qiang Xue",
                    "email": "qiang.xue@gmail.com",
                    "homepage": "http://www.yiiframework.com/",
                    "role": "Founder and project lead"
                },
                {
                    "name": "Alexander Makarov",
                    "email": "sam@rmcreative.ru",
                    "homepage": "http://rmcreative.ru/",
                    "role": "Core framework development"
                },
                {
                    "name": "Maurizio Domba",
                    "homepage": "http://mdomba.info/",
                    "role": "Core framework development"
                },
                {
                    "name": "Carsten Brandt",
                    "email": "mail@cebe.cc",
                    "homepage": "http://cebe.cc/",
                    "role": "Core framework development"
                },
                {
                    "name": "Wei Zhuo",
                    "email": "weizhuo@gmail.com",
                    "role": "Project site maintenance and development"
                },
                {
                    "name": "Sebastián Thierer",
                    "role": "Component development"
                },
                {
                    "name": "Jeffrey Winesett",
                    "role": "Documentation and marketing"
                }
            ],
            "description": "Yii Web Programming Framework",
            "homepage": "http://www.yiiframework.com/",
            "keywords": [
                "framework",
                "yii"
            ]
        }
    ],
    "packages-dev": null,
    "aliases": [

    ],
    "minimum-stability": "stable",
    "stability-flags": {
        "yiisoft/yii": 20,
        "imagine/imagine": 20
    }
}
